Microsoft Visual Studio Solution File, Format Version 11.00
# Visual Studio 2008

Project("{55A3DBC3-12A8-E14D-29C1-A5A79F7BDF3F}") = "2d Shooter Prototype", "Assembly-CSharp.csproj", "{7371F333-D639-96B9-A645-C9E5338B7B7C}"
EndProject
Global
	GlobalSection(SolutionConfigurationPlatforms) = preSolution
		Debug|Any CPU = Debug|Any CPU
		Release|Any CPU = Release|Any CPU
	EndGlobalSection
	GlobalSection(ProjectConfigurationPlatforms) = postSolution
		{7371F333-D639-96B9-A645-C9E5338B7B7C}.Debug|Any CPU.ActiveCfg = Debug|Any CPU
		{7371F333-D639-96B9-A645-C9E5338B7B7C}.Debug|Any CPU.Build.0 = Debug|Any CPU
		{7371F333-D639-96B9-A645-C9E5338B7B7C}.Release|Any CPU.ActiveCfg = Release|Any CPU
		{7371F333-D639-96B9-A645-C9E5338B7B7C}.Release|Any CPU.Build.0 = Release|Any CPU
	EndGlobalSection
	GlobalSection(SolutionProperties) = preSolution
		HideSolutionNode = FALSE
	EndGlobalSection
	GlobalSection(MonoDevelopProperties) = preSolution
		StartupItem = Assembly-CSharp.csproj
	EndGlobalSection
EndGlobal
